
Microsoft Visual Studio Solution File, Format Version 11.00
# Visual Studio 2010
Project("{FAE04EC0-301F-11D3-BF4B-00C04F79EFBC}") = "Tanpohp.Extensions", "Tanpohp.Extensions\Tanpohp.Extensions.csproj", "{3665CB16-D371-4CF8-ABE7-560895CB373D}"
EndProject
Project("{FAE04EC0-301F-11D3-BF4B-00C04F79EFBC}") = "Tanpohp.ExtensionTest", "Tanpohp.ExtensionTest\Tanpohp.ExtensionTest.csproj", "{C4731CB4-472A-4B48-9F61-CB3B919D8B97}"
EndProject
Project("{FAE04EC0-301F-11D3-BF4B-00C04F79EFBC}") = "Tanpohp.Annotations", "Tanpohp.Annotations\Tanpohp.Annotations.csproj", "{2AA74E63-6FD6-4650-A17A-145D243DEB93}"
EndProject
Project("{FAE04EC0-301F-11D3-BF4B-00C04F79EFBC}") = "Tanpohp.Data", "Tanpohp.Data\Tanpohp.Data.csproj", "{C1976E21-6AF6-4F4F-809A-FFD14F225E27}"
EndProject
Project("{FAE04EC0-301F-11D3-BF4B-00C04F79EFBC}") = "Tanpohp.DataTest", "Tanpohp.DataTest\Tanpohp.DataTest.csproj", "{5BE2AAEA-4C6B-4188-9D32-6D03766DFF9F}"
EndProject
Project("{2150E333-8FDC-42A3-9474-1A3956D46DE8}") = "Test", "Test", "{10EF0417-6DAA-4643-877D-ED67727AB66C}"
	ProjectSection(SolutionItems) = preProject
		NUnitTests.nunit = NUnitTests.nunit
	EndProjectSection
EndProject
Project("{FAE04EC0-301F-11D3-BF4B-00C04F79EFBC}") = "Tanpohp.Utils", "Tanpohp.Utils\Tanpohp.Utils.csproj", "{6601C28F-53A6-46D6-8323-00B3496D2D84}"
EndProject
Project("{FAE04EC0-301F-11D3-BF4B-00C04F79EFBC}") = "Tanpohp.UtilsTest", "Tanpohp.UtilsTest\Tanpohp.UtilsTest.csproj", "{B6E63F8C-429E-4AE3-991C-AB3B73D89A47}"
EndProject
Project("{2150E333-8FDC-42A3-9474-1A3956D46DE8}") = "Core", "Core", "{FDF1B25C-BAAE-4BD3-802E-C7368CC7236B}"
EndProject
Project("{FAE04EC0-301F-11D3-BF4B-00C04F79EFBC}") = "Tanpohp.Wpf", "Tanpohp.Wpf\Tanpohp.Wpf.csproj", "{368F3B2C-DE32-4445-B103-FCAC048C0428}"
EndProject
Project("{FAE04EC0-301F-11D3-BF4B-00C04F79EFBC}") = "Tanpohp.WpfTest", "Tanpohp.WpfTest\Tanpohp.WpfTest.csproj", "{DBFFA722-F930-4EC1-AFC9-B0C319FFF5F5}"
EndProject
Project("{FAE04EC0-301F-11D3-BF4B-00C04F79EFBC}") = "Tanpohp.Wmi", "Tanpohp.Wmi\Tanpohp.Wmi.csproj", "{FA24A38E-0183-4D83-A276-B654B375C8C6}"
EndProject
Project("{FAE04EC0-301F-11D3-BF4B-00C04F79EFBC}") = "Testing", "Testing\Testing.csproj", "{F18D1183-4611-4CAC-ABF7-A9C352D06803}"
	ProjectSection(ProjectDependencies) = postProject
		{C1976E21-6AF6-4F4F-809A-FFD14F225E27} = {C1976E21-6AF6-4F4F-809A-FFD14F225E27}
		{DBFFA722-F930-4EC1-AFC9-B0C319FFF5F5} = {DBFFA722-F930-4EC1-AFC9-B0C319FFF5F5}
		{368F3B2C-DE32-4445-B103-FCAC048C0428} = {368F3B2C-DE32-4445-B103-FCAC048C0428}
		{A7A85949-BB1D-448C-9423-425DD75BBB5A} = {A7A85949-BB1D-448C-9423-425DD75BBB5A}
		{A8538B57-EDF6-4980-9173-003F5D2963E3} = {A8538B57-EDF6-4980-9173-003F5D2963E3}
		{7F0B9157-730D-457B-8A95-79C59FE29A01} = {7F0B9157-730D-457B-8A95-79C59FE29A01}
		{2AA74E63-6FD6-4650-A17A-145D243DEB93} = {2AA74E63-6FD6-4650-A17A-145D243DEB93}
		{B6E63F8C-429E-4AE3-991C-AB3B73D89A47} = {B6E63F8C-429E-4AE3-991C-AB3B73D89A47}
		{6601C28F-53A6-46D6-8323-00B3496D2D84} = {6601C28F-53A6-46D6-8323-00B3496D2D84}
		{C4731CB4-472A-4B48-9F61-CB3B919D8B97} = {C4731CB4-472A-4B48-9F61-CB3B919D8B97}
		{5BE2AAEA-4C6B-4188-9D32-6D03766DFF9F} = {5BE2AAEA-4C6B-4188-9D32-6D03766DFF9F}
		{CA3782F0-24C5-42D1-B12C-21C855C9FF38} = {CA3782F0-24C5-42D1-B12C-21C855C9FF38}
	EndProjectSection
EndProject
Project("{2150E333-8FDC-42A3-9474-1A3956D46DE8}") = "Solution Items", "Solution Items", "{B9A0AE53-5CEC-4193-8D98-0BABB573D401}"
	ProjectSection(SolutionItems) = preProject
		SharedAssemblyInfo.cs = SharedAssemblyInfo.cs
	EndProjectSection
EndProject
Project("{FAE04EC0-301F-11D3-BF4B-00C04F79EFBC}") = "Tanpohp.Diagnostics", "Tanpohp.Diagnostics\Tanpohp.Diagnostics.csproj", "{A8538B57-EDF6-4980-9173-003F5D2963E3}"
EndProject
Project("{FAE04EC0-301F-11D3-BF4B-00C04F79EFBC}") = "Tanpohp.DiagnosticsTest", "Tanpohp.DiagnosticsTest\Tanpohp.DiagnosticsTest.csproj", "{A7A85949-BB1D-448C-9423-425DD75BBB5A}"
EndProject
Project("{FAE04EC0-301F-11D3-BF4B-00C04F79EFBC}") = "Tanpohp.Mathematics", "Tanpohp.Mathematics\Tanpohp.Mathematics.csproj", "{CA3782F0-24C5-42D1-B12C-21C855C9FF38}"
EndProject
Project("{FAE04EC0-301F-11D3-BF4B-00C04F79EFBC}") = "Tanpohp.MathematicsTest", "Tanpohp.MathematicsTest\Tanpohp.MathematicsTest.csproj", "{7F0B9157-730D-457B-8A95-79C59FE29A01}"
EndProject
Global
	GlobalSection(SolutionConfigurationPlatforms) = preSolution
		Debug|Any CPU = Debug|Any CPU
		Debug|Mixed Platforms = Debug|Mixed Platforms
		Debug|x86 = Debug|x86
		Release|Any CPU = Release|Any CPU
		Release|Mixed Platforms = Release|Mixed Platforms
		Release|x86 = Release|x86
	EndGlobalSection
	GlobalSection(ProjectConfigurationPlatforms) = postSolution
		{3665CB16-D371-4CF8-ABE7-560895CB373D}.Debug|Any CPU.ActiveCfg = Debug|Any CPU
		{3665CB16-D371-4CF8-ABE7-560895CB373D}.Debug|Any CPU.Build.0 = Debug|Any CPU
		{3665CB16-D371-4CF8-ABE7-560895CB373D}.Debug|Mixed Platforms.ActiveCfg = Debug|Any CPU
		{3665CB16-D371-4CF8-ABE7-560895CB373D}.Debug|Mixed Platforms.Build.0 = Debug|Any CPU
		{3665CB16-D371-4CF8-ABE7-560895CB373D}.Debug|x86.ActiveCfg = Debug|Any CPU
		{3665CB16-D371-4CF8-ABE7-560895CB373D}.Release|Any CPU.ActiveCfg = Release|Any CPU
		{3665CB16-D371-4CF8-ABE7-560895CB373D}.Release|Any CPU.Build.0 = Release|Any CPU
		{3665CB16-D371-4CF8-ABE7-560895CB373D}.Release|Mixed Platforms.ActiveCfg = Release|Any CPU
		{3665CB16-D371-4CF8-ABE7-560895CB373D}.Release|Mixed Platforms.Build.0 = Release|Any CPU
		{3665CB16-D371-4CF8-ABE7-560895CB373D}.Release|x86.ActiveCfg = Release|Any CPU
		{C4731CB4-472A-4B48-9F61-CB3B919D8B97}.Debug|Any CPU.ActiveCfg = Debug|Any CPU
		{C4731CB4-472A-4B48-9F61-CB3B919D8B97}.Debug|Any CPU.Build.0 = Debug|Any CPU
		{C4731CB4-472A-4B48-9F61-CB3B919D8B97}.Debug|Mixed Platforms.ActiveCfg = Debug|Any CPU
		{C4731CB4-472A-4B48-9F61-CB3B919D8B97}.Debug|Mixed Platforms.Build.0 = Debug|Any CPU
		{C4731CB4-472A-4B48-9F61-CB3B919D8B97}.Debug|x86.ActiveCfg = Debug|Any CPU
		{C4731CB4-472A-4B48-9F61-CB3B919D8B97}.Release|Any CPU.ActiveCfg = Release|Any CPU
		{C4731CB4-472A-4B48-9F61-CB3B919D8B97}.Release|Any CPU.Build.0 = Release|Any CPU
		{C4731CB4-472A-4B48-9F61-CB3B919D8B97}.Release|Mixed Platforms.ActiveCfg = Release|Any CPU
		{C4731CB4-472A-4B48-9F61-CB3B919D8B97}.Release|Mixed Platforms.Build.0 = Release|Any CPU
		{C4731CB4-472A-4B48-9F61-CB3B919D8B97}.Release|x86.ActiveCfg = Release|Any CPU
		{2AA74E63-6FD6-4650-A17A-145D243DEB93}.Debug|Any CPU.ActiveCfg = Debug|Any CPU
		{2AA74E63-6FD6-4650-A17A-145D243DEB93}.Debug|Any CPU.Build.0 = Debug|Any CPU
		{2AA74E63-6FD6-4650-A17A-145D243DEB93}.Debug|Mixed Platforms.ActiveCfg = Debug|Any CPU
		{2AA74E63-6FD6-4650-A17A-145D243DEB93}.Debug|Mixed Platforms.Build.0 = Debug|Any CPU
		{2AA74E63-6FD6-4650-A17A-145D243DEB93}.Debug|x86.ActiveCfg = Debug|Any CPU
		{2AA74E63-6FD6-4650-A17A-145D243DEB93}.Release|Any CPU.ActiveCfg = Release|Any CPU
		{2AA74E63-6FD6-4650-A17A-145D243DEB93}.Release|Any CPU.Build.0 = Release|Any CPU
		{2AA74E63-6FD6-4650-A17A-145D243DEB93}.Release|Mixed Platforms.ActiveCfg = Release|Any CPU
		{2AA74E63-6FD6-4650-A17A-145D243DEB93}.Release|Mixed Platforms.Build.0 = Release|Any CPU
		{2AA74E63-6FD6-4650-A17A-145D243DEB93}.Release|x86.ActiveCfg = Release|Any CPU
		{C1976E21-6AF6-4F4F-809A-FFD14F225E27}.Debug|Any CPU.ActiveCfg = Debug|Any CPU
		{C1976E21-6AF6-4F4F-809A-FFD14F225E27}.Debug|Any CPU.Build.0 = Debug|Any CPU
		{C1976E21-6AF6-4F4F-809A-FFD14F225E27}.Debug|Mixed Platforms.ActiveCfg = Debug|Any CPU
		{C1976E21-6AF6-4F4F-809A-FFD14F225E27}.Debug|Mixed Platforms.Build.0 = Debug|Any CPU
		{C1976E21-6AF6-4F4F-809A-FFD14F225E27}.Debug|x86.ActiveCfg = Debug|Any CPU
		{C1976E21-6AF6-4F4F-809A-FFD14F225E27}.Release|Any CPU.ActiveCfg = Release|Any CPU
		{C1976E21-6AF6-4F4F-809A-FFD14F225E27}.Release|Any CPU.Build.0 = Release|Any CPU
		{C1976E21-6AF6-4F4F-809A-FFD14F225E27}.Release|Mixed Platforms.ActiveCfg = Release|Any CPU
		{C1976E21-6AF6-4F4F-809A-FFD14F225E27}.Release|Mixed Platforms.Build.0 = Release|Any CPU
		{C1976E21-6AF6-4F4F-809A-FFD14F225E27}.Release|x86.ActiveCfg = Release|Any CPU
		{5BE2AAEA-4C6B-4188-9D32-6D03766DFF9F}.Debug|Any CPU.ActiveCfg = Debug|Any CPU
		{5BE2AAEA-4C6B-4188-9D32-6D03766DFF9F}.Debug|Any CPU.Build.0 = Debug|Any CPU
		{5BE2AAEA-4C6B-4188-9D32-6D03766DFF9F}.Debug|Mixed Platforms.ActiveCfg = Debug|Any CPU
		{5BE2AAEA-4C6B-4188-9D32-6D03766DFF9F}.Debug|Mixed Platforms.Build.0 = Debug|Any CPU
		{5BE2AAEA-4C6B-4188-9D32-6D03766DFF9F}.Debug|x86.ActiveCfg = Debug|Any CPU
		{5BE2AAEA-4C6B-4188-9D32-6D03766DFF9F}.Release|Any CPU.ActiveCfg = Release|Any CPU
		{5BE2AAEA-4C6B-4188-9D32-6D03766DFF9F}.Release|Any CPU.Build.0 = Release|Any CPU
		{5BE2AAEA-4C6B-4188-9D32-6D03766DFF9F}.Release|Mixed Platforms.ActiveCfg = Release|Any CPU
		{5BE2AAEA-4C6B-4188-9D32-6D03766DFF9F}.Release|Mixed Platforms.Build.0 = Release|Any CPU
		{5BE2AAEA-4C6B-4188-9D32-6D03766DFF9F}.Release|x86.ActiveCfg = Release|Any CPU
		{6601C28F-53A6-46D6-8323-00B3496D2D84}.Debug|Any CPU.ActiveCfg = Debug|Any CPU
		{6601C28F-53A6-46D6-8323-00B3496D2D84}.Debug|Any CPU.Build.0 = Debug|Any CPU
		{6601C28F-53A6-46D6-8323-00B3496D2D84}.Debug|Mixed Platforms.ActiveCfg = Debug|Any CPU
		{6601C28F-53A6-46D6-8323-00B3496D2D84}.Debug|Mixed Platforms.Build.0 = Debug|Any CPU
		{6601C28F-53A6-46D6-8323-00B3496D2D84}.Debug|x86.ActiveCfg = Debug|Any CPU
		{6601C28F-53A6-46D6-8323-00B3496D2D84}.Release|Any CPU.ActiveCfg = Release|Any CPU
		{6601C28F-53A6-46D6-8323-00B3496D2D84}.Release|Any CPU.Build.0 = Release|Any CPU
		{6601C28F-53A6-46D6-8323-00B3496D2D84}.Release|Mixed Platforms.ActiveCfg = Release|Any CPU
		{6601C28F-53A6-46D6-8323-00B3496D2D84}.Release|Mixed Platforms.Build.0 = Release|Any CPU
		{6601C28F-53A6-46D6-8323-00B3496D2D84}.Release|x86.ActiveCfg = Release|Any CPU
		{B6E63F8C-429E-4AE3-991C-AB3B73D89A47}.Debug|Any CPU.ActiveCfg = Debug|Any CPU
		{B6E63F8C-429E-4AE3-991C-AB3B73D89A47}.Debug|Any CPU.Build.0 = Debug|Any CPU
		{B6E63F8C-429E-4AE3-991C-AB3B73D89A47}.Debug|Mixed Platforms.ActiveCfg = Debug|Any CPU
		{B6E63F8C-429E-4AE3-991C-AB3B73D89A47}.Debug|Mixed Platforms.Build.0 = Debug|Any CPU
		{B6E63F8C-429E-4AE3-991C-AB3B73D89A47}.Debug|x86.ActiveCfg = Debug|Any CPU
		{B6E63F8C-429E-4AE3-991C-AB3B73D89A47}.Release|Any CPU.ActiveCfg = Release|Any CPU
		{B6E63F8C-429E-4AE3-991C-AB3B73D89A47}.Release|Any CPU.Build.0 = Release|Any CPU
		{B6E63F8C-429E-4AE3-991C-AB3B73D89A47}.Release|Mixed Platforms.ActiveCfg = Release|Any CPU
		{B6E63F8C-429E-4AE3-991C-AB3B73D89A47}.Release|Mixed Platforms.Build.0 = Release|Any CPU
		{B6E63F8C-429E-4AE3-991C-AB3B73D89A47}.Release|x86.ActiveCfg = Release|Any CPU
		{368F3B2C-DE32-4445-B103-FCAC048C0428}.Debug|Any CPU.ActiveCfg = Debug|Any CPU
		{368F3B2C-DE32-4445-B103-FCAC048C0428}.Debug|Any CPU.Build.0 = Debug|Any CPU
		{368F3B2C-DE32-4445-B103-FCAC048C0428}.Debug|Mixed Platforms.ActiveCfg = Debug|Any CPU
		{368F3B2C-DE32-4445-B103-FCAC048C0428}.Debug|Mixed Platforms.Build.0 = Debug|Any CPU
		{368F3B2C-DE32-4445-B103-FCAC048C0428}.Debug|x86.ActiveCfg = Debug|Any CPU
		{368F3B2C-DE32-4445-B103-FCAC048C0428}.Release|Any CPU.ActiveCfg = Release|Any CPU
		{368F3B2C-DE32-4445-B103-FCAC048C0428}.Release|Any CPU.Build.0 = Release|Any CPU
		{368F3B2C-DE32-4445-B103-FCAC048C0428}.Release|Mixed Platforms.ActiveCfg = Release|Any CPU
		{368F3B2C-DE32-4445-B103-FCAC048C0428}.Release|Mixed Platforms.Build.0 = Release|Any CPU
		{368F3B2C-DE32-4445-B103-FCAC048C0428}.Release|x86.ActiveCfg = Release|Any CPU
		{DBFFA722-F930-4EC1-AFC9-B0C319FFF5F5}.Debug|Any CPU.ActiveCfg = Debug|Any CPU
		{DBFFA722-F930-4EC1-AFC9-B0C319FFF5F5}.Debug|Any CPU.Build.0 = Debug|Any CPU
		{DBFFA722-F930-4EC1-AFC9-B0C319FFF5F5}.Debug|Mixed Platforms.ActiveCfg = Debug|Any CPU
		{DBFFA722-F930-4EC1-AFC9-B0C319FFF5F5}.Debug|Mixed Platforms.Build.0 = Debug|Any CPU
		{DBFFA722-F930-4EC1-AFC9-B0C319FFF5F5}.Debug|x86.ActiveCfg = Debug|Any CPU
		{DBFFA722-F930-4EC1-AFC9-B0C319FFF5F5}.Release|Any CPU.ActiveCfg = Release|Any CPU
		{DBFFA722-F930-4EC1-AFC9-B0C319FFF5F5}.Release|Any CPU.Build.0 = Release|Any CPU
		{DBFFA722-F930-4EC1-AFC9-B0C319FFF5F5}.Release|Mixed Platforms.ActiveCfg = Release|Any CPU
		{DBFFA722-F930-4EC1-AFC9-B0C319FFF5F5}.Release|Mixed Platforms.Build.0 = Release|Any CPU
		{DBFFA722-F930-4EC1-AFC9-B0C319FFF5F5}.Release|x86.ActiveCfg = Release|Any CPU
		{FA24A38E-0183-4D83-A276-B654B375C8C6}.Debug|Any CPU.ActiveCfg = Debug|Any CPU
		{FA24A38E-0183-4D83-A276-B654B375C8C6}.Debug|Any CPU.Build.0 = Debug|Any CPU
		{FA24A38E-0183-4D83-A276-B654B375C8C6}.Debug|Mixed Platforms.ActiveCfg = Debug|Any CPU
		{FA24A38E-0183-4D83-A276-B654B375C8C6}.Debug|Mixed Platforms.Build.0 = Debug|Any CPU
		{FA24A38E-0183-4D83-A276-B654B375C8C6}.Debug|x86.ActiveCfg = Debug|Any CPU
		{FA24A38E-0183-4D83-A276-B654B375C8C6}.Release|Any CPU.ActiveCfg = Release|Any CPU
		{FA24A38E-0183-4D83-A276-B654B375C8C6}.Release|Any CPU.Build.0 = Release|Any CPU
		{FA24A38E-0183-4D83-A276-B654B375C8C6}.Release|Mixed Platforms.ActiveCfg = Release|Any CPU
		{FA24A38E-0183-4D83-A276-B654B375C8C6}.Release|Mixed Platforms.Build.0 = Release|Any CPU
		{FA24A38E-0183-4D83-A276-B654B375C8C6}.Release|x86.ActiveCfg = Release|Any CPU
		{F18D1183-4611-4CAC-ABF7-A9C352D06803}.Debug|Any CPU.ActiveCfg = Debug|x86
		{F18D1183-4611-4CAC-ABF7-A9C352D06803}.Debug|Any CPU.Build.0 = Debug|x86
		{F18D1183-4611-4CAC-ABF7-A9C352D06803}.Debug|Mixed Platforms.ActiveCfg = Debug|x86
		{F18D1183-4611-4CAC-ABF7-A9C352D06803}.Debug|Mixed Platforms.Build.0 = Debug|x86
		{F18D1183-4611-4CAC-ABF7-A9C352D06803}.Debug|x86.ActiveCfg = Debug|x86
		{F18D1183-4611-4CAC-ABF7-A9C352D06803}.Debug|x86.Build.0 = Debug|x86
		{F18D1183-4611-4CAC-ABF7-A9C352D06803}.Release|Any CPU.ActiveCfg = Release|x86
		{F18D1183-4611-4CAC-ABF7-A9C352D06803}.Release|Mixed Platforms.ActiveCfg = Release|x86
		{F18D1183-4611-4CAC-ABF7-A9C352D06803}.Release|Mixed Platforms.Build.0 = Release|x86
		{F18D1183-4611-4CAC-ABF7-A9C352D06803}.Release|x86.ActiveCfg = Release|x86
		{F18D1183-4611-4CAC-ABF7-A9C352D06803}.Release|x86.Build.0 = Release|x86
		{A8538B57-EDF6-4980-9173-003F5D2963E3}.Debug|Any CPU.ActiveCfg = Debug|Any CPU
		{A8538B57-EDF6-4980-9173-003F5D2963E3}.Debug|Any CPU.Build.0 = Debug|Any CPU
		{A8538B57-EDF6-4980-9173-003F5D2963E3}.Debug|Mixed Platforms.ActiveCfg = Debug|Any CPU
		{A8538B57-EDF6-4980-9173-003F5D2963E3}.Debug|Mixed Platforms.Build.0 = Debug|Any CPU
		{A8538B57-EDF6-4980-9173-003F5D2963E3}.Debug|x86.ActiveCfg = Debug|Any CPU
		{A8538B57-EDF6-4980-9173-003F5D2963E3}.Release|Any CPU.ActiveCfg = Release|Any CPU
		{A8538B57-EDF6-4980-9173-003F5D2963E3}.Release|Any CPU.Build.0 = Release|Any CPU
		{A8538B57-EDF6-4980-9173-003F5D2963E3}.Release|Mixed Platforms.ActiveCfg = Release|Any CPU
		{A8538B57-EDF6-4980-9173-003F5D2963E3}.Release|Mixed Platforms.Build.0 = Release|Any CPU
		{A8538B57-EDF6-4980-9173-003F5D2963E3}.Release|x86.ActiveCfg = Release|Any CPU
		{A7A85949-BB1D-448C-9423-425DD75BBB5A}.Debug|Any CPU.ActiveCfg = Debug|Any CPU
		{A7A85949-BB1D-448C-9423-425DD75BBB5A}.Debug|Any CPU.Build.0 = Debug|Any CPU
		{A7A85949-BB1D-448C-9423-425DD75BBB5A}.Debug|Mixed Platforms.ActiveCfg = Debug|Any CPU
		{A7A85949-BB1D-448C-9423-425DD75BBB5A}.Debug|Mixed Platforms.Build.0 = Debug|Any CPU
		{A7A85949-BB1D-448C-9423-425DD75BBB5A}.Debug|x86.ActiveCfg = Debug|Any CPU
		{A7A85949-BB1D-448C-9423-425DD75BBB5A}.Release|Any CPU.ActiveCfg = Release|Any CPU
		{A7A85949-BB1D-448C-9423-425DD75BBB5A}.Release|Any CPU.Build.0 = Release|Any CPU
		{A7A85949-BB1D-448C-9423-425DD75BBB5A}.Release|Mixed Platforms.ActiveCfg = Release|Any CPU
		{A7A85949-BB1D-448C-9423-425DD75BBB5A}.Release|Mixed Platforms.Build.0 = Release|Any CPU
		{A7A85949-BB1D-448C-9423-425DD75BBB5A}.Release|x86.ActiveCfg = Release|Any CPU
		{CA3782F0-24C5-42D1-B12C-21C855C9FF38}.Debug|Any CPU.ActiveCfg = Debug|Any CPU
		{CA3782F0-24C5-42D1-B12C-21C855C9FF38}.Debug|Any CPU.Build.0 = Debug|Any CPU
		{CA3782F0-24C5-42D1-B12C-21C855C9FF38}.Debug|Mixed Platforms.ActiveCfg = Debug|Any CPU
		{CA3782F0-24C5-42D1-B12C-21C855C9FF38}.Debug|Mixed Platforms.Build.0 = Debug|Any CPU
		{CA3782F0-24C5-42D1-B12C-21C855C9FF38}.Debug|x86.ActiveCfg = Debug|Any CPU
		{CA3782F0-24C5-42D1-B12C-21C855C9FF38}.Release|Any CPU.ActiveCfg = Release|Any CPU
		{CA3782F0-24C5-42D1-B12C-21C855C9FF38}.Release|Any CPU.Build.0 = Release|Any CPU
		{CA3782F0-24C5-42D1-B12C-21C855C9FF38}.Release|Mixed Platforms.ActiveCfg = Release|Any CPU
		{CA3782F0-24C5-42D1-B12C-21C855C9FF38}.Release|Mixed Platforms.Build.0 = Release|Any CPU
		{CA3782F0-24C5-42D1-B12C-21C855C9FF38}.Release|x86.ActiveCfg = Release|Any CPU
		{7F0B9157-730D-457B-8A95-79C59FE29A01}.Debug|Any CPU.ActiveCfg = Debug|Any CPU
		{7F0B9157-730D-457B-8A95-79C59FE29A01}.Debug|Any CPU.Build.0 = Debug|Any CPU
		{7F0B9157-730D-457B-8A95-79C59FE29A01}.Debug|Mixed Platforms.ActiveCfg = Debug|Any CPU
		{7F0B9157-730D-457B-8A95-79C59FE29A01}.Debug|Mixed Platforms.Build.0 = Debug|Any CPU
		{7F0B9157-730D-457B-8A95-79C59FE29A01}.Debug|x86.ActiveCfg = Debug|Any CPU
		{7F0B9157-730D-457B-8A95-79C59FE29A01}.Release|Any CPU.ActiveCfg = Release|Any CPU
		{7F0B9157-730D-457B-8A95-79C59FE29A01}.Release|Any CPU.Build.0 = Release|Any CPU
		{7F0B9157-730D-457B-8A95-79C59FE29A01}.Release|Mixed Platforms.ActiveCfg = Release|Any CPU
		{7F0B9157-730D-457B-8A95-79C59FE29A01}.Release|Mixed Platforms.Build.0 = Release|Any CPU
		{7F0B9157-730D-457B-8A95-79C59FE29A01}.Release|x86.ActiveCfg = Release|Any CPU
	EndGlobalSection
	GlobalSection(SolutionProperties) = preSolution
		HideSolutionNode = FALSE
	EndGlobalSection
	GlobalSection(NestedProjects) = preSolution
		{2AA74E63-6FD6-4650-A17A-145D243DEB93} = {FDF1B25C-BAAE-4BD3-802E-C7368CC7236B}
		{3665CB16-D371-4CF8-ABE7-560895CB373D} = {FDF1B25C-BAAE-4BD3-802E-C7368CC7236B}
		{5BE2AAEA-4C6B-4188-9D32-6D03766DFF9F} = {10EF0417-6DAA-4643-877D-ED67727AB66C}
		{C4731CB4-472A-4B48-9F61-CB3B919D8B97} = {10EF0417-6DAA-4643-877D-ED67727AB66C}
		{B6E63F8C-429E-4AE3-991C-AB3B73D89A47} = {10EF0417-6DAA-4643-877D-ED67727AB66C}
		{DBFFA722-F930-4EC1-AFC9-B0C319FFF5F5} = {10EF0417-6DAA-4643-877D-ED67727AB66C}
		{F18D1183-4611-4CAC-ABF7-A9C352D06803} = {10EF0417-6DAA-4643-877D-ED67727AB66C}
		{7F0B9157-730D-457B-8A95-79C59FE29A01} = {10EF0417-6DAA-4643-877D-ED67727AB66C}
		{A7A85949-BB1D-448C-9423-425DD75BBB5A} = {10EF0417-6DAA-4643-877D-ED67727AB66C}
	EndGlobalSection
EndGlobal
